// !$*UTF8*$!
{
	archiveVersion = 1;
	classes = {
	};
	objectVersion = 50;
	objects = {

/* Begin PBXBuildFile section */
		30510F0D2444D04200E2D688 /* AppDelegate.swift in Sources */ = {isa = PBXBuildFile; fileRef = 30510F0C2444D04200E2D688 /* AppDelegate.swift */; };
		30510F0F2444D04200E2D688 /* SceneDelegate.swift in Sources */ = {isa = PBXBuildFile; fileRef = 30510F0E2444D04200E2D688 /* SceneDelegate.swift */; };
		30510F112444D04200E2D688 /* ContentView.swift in Sources */ = {isa = PBXBuildFile; fileRef = 30510F102444D04200E2D688 /* ContentView.swift */; };
		30510F132444D04300E2D688 /* Assets.xcassets in Resources */ = {isa = PBXBuildFile; fileRef = 30510F122444D04300E2D688 /* Assets.xcassets */; };
		30510F162444D04300E2D688 /* Preview Assets.xcassets in Resources */ = {isa = PBXBuildFile; fileRef = 30510F152444D04300E2D688 /* Preview Assets.xcassets */; };
		30510F192444D04300E2D688 /* LaunchScreen.storyboard in Resources */ = {isa = PBXBuildFile; fileRef = 30510F172444D04300E2D688 /* LaunchScreen.storyboard */; };
/* End PBXBuildFile section */

/* Begin PBXFileReference section */
		30510F092444D04200E2D688 /* HomeWork4.app */ = {isa = PBXFileReference; explicitFileType = wrapper.application; includeInIndex = 0; path = HomeWork4.app; sourceTree = BUILT_PRODUCTS_DIR; };
		30510F0C2444D04200E2D688 /* AppDelegate.swift */ = {isa = PBXFileReference; lastKnownFileType = sourcecode.swift; path = AppDelegate.swift; sourceTree = "<group>"; };
		30510F0E2444D04200E2D688 /* SceneDelegate.swift */ = {isa = PBXFileReference; lastKnownFileType = sourcecode.swift; path = SceneDelegate.swift; sourceTree = "<group>"; };
		30510F102444D04200E2D688 /* ContentView.swift */ = {isa = PBXFileReference; lastKnownFileType = sourcecode.swift; path = ContentView.swift; sourceTree = "<group>"; };
		30510F122444D04300E2D688 /* Assets.xcassets */ = {isa = PBXFileReference; lastKnownFileType = folder.assetcatalog; path = Assets.xcassets; sourceTree = "<group>"; };
		30510F152444D04300E2D688 /* Preview Assets.xcassets */ = {isa = PBXFileReference; lastKnownFileType = folder.assetcatalog; path = "Preview Assets.xcassets"; sourceTree = "<group>"; };
		30510F182444D04300E2D688 /* Base */ = {isa = PBXFileReference; lastKnownFileType = file.storyboard; name = Base; path = Base.lproj/LaunchScreen.storyboard; sourceTree = "<group>"; };
		30510F1A2444D04300E2D688 /* Info.plist */ = {isa = PBXFileReference; lastKnownFileType = text.plist.xml; path = Info.plist; sourceTree = "<group>"; };
/* End PBXFileReference section */

/* Begin PBXFrameworksBuildPhase section */
		30510F062444D04200E2D688 /* Frameworks */ = {
			isa = PBXFrameworksBuildPhase;
			buildActionMask = 2147483647;
			files = (
			);
			runOnlyForDeploymentPostprocessing = 0;
		};
/* End PBXFrameworksBuildPhase section */

/* Begin PBXGroup section */
		30510F002444D04200E2D688 = {
			isa = PBXGroup;
			children = (
				30510F0B2444D04200E2D688 /* HomeWork4 */,
				30510F0A2444D04200E2D688 /* Products */,
			);
			sourceTree = "<group>";
		};
		30510F0A2444D04200E2D688 /* Products */ = {
			isa = PBXGroup;
			children = (
				30510F092444D04200E2D688 /* HomeWork4.app */,
			);
			name = Products;
			sourceTree = "<group>";
		};
		30510F0B2444D04200E2D688 /* HomeWork4 */ = {
			isa = PBXGroup;
			children = (
				30510F0C2444D04200E2D688 /* AppDelegate.swift */,
				30510F0E2444D04200E2D688 /* SceneDelegate.swift */,
				30510F102444D04200E2D688 /* ContentView.swift */,
				30510F122444D04300E2D688 /* Assets.xcassets */,
				30510F172444D04300E2D688 /* LaunchScreen.storyboard */,
				30510F1A2444D04300E2D688 /* Info.plist */,
				30510F142444D04300E2D688 /* Preview Content */,
			);
			path = HomeWork4;
			sourceTree = "<group>";
		};
		30510F142444D04300E2D688 /* Preview Content */ = {
			isa = PBXGroup;
			children = (
				30510F152444D04300E2D688 /* Preview Assets.xcassets */,
			);
			path = "Preview Content";
			sourceTree = "<group>";
		};
/* End PBXGroup section */

/* Begin PBXNativeTarget section */
		30510F082444D04200E2D688 /* HomeWork4 */ = {
			isa = PBXNativeTarget;
			buildConfigurationList = 30510F1D2444D04300E2D688 /* Build configuration list for PBXNativeTarget "HomeWork4" */;
			buildPhases = (
				30510F052444D04200E2D688 /* Sources */,
				30510F062444D04200E2D688 /* Frameworks */,
				30510F072444D04200E2D688 /* Resources */,
			);
			buildRules = (
			);
			dependencies = (
			);
			name = HomeWork4;
			productName = HomeWork4;
			productReference = 30510F092444D04200E2D688 /* HomeWork4.app */;
			productType = "com.apple.product-type.application";
		};
/* End PBXNativeTarget section */

/* Begin PBXProject section */
		30510F012444D04200E2D688 /* Project object */ = {
			isa = PBXProject;
			attributes = {
				LastSwiftUpdateCheck = 1140;
				LastUpgradeCheck = 1140;
				ORGANIZATIONNAME = "Vitaliy Voronok";
				TargetAttributes = {
					30510F082444D04200E2D688 = {
						CreatedOnToolsVersion = 11.4;
					};
				};
			};
			buildConfigurationList = 30510F042444D04200E2D688 /* Build configuration list for PBXProject "HomeWork4" */;
			compatibilityVersion = "Xcode 9.3";
			developmentRegion = en;
			hasScannedForEncodings = 0;
			knownRegions = (
				en,
				Base,
			);
			mainGroup = 30510F002444D04200E2D688;
			productRefGroup = 30510F0A2444D04200E2D688 /* Products */;
			projectDirPath = "";
			projectRoot = "";
			targets = (
				30510F082444D04200E2D688 /* HomeWork4 */,
			);
		};
/* End PBXProject section */

/* Begin PBXResourcesBuildPhase section */
		30510F072444D04200E2D688 /* Resources */ = {
			isa = PBXResourcesBuildPhase;
			buildActionMask = 2147483647;
			files = (
				30510F192444D04300E2D688 /* LaunchScreen.storyboard in Resources */,
				30510F162444D04300E2D688 /* Preview Assets.xcassets in Resources */,
				30510F132444D04300E2D688 /* Assets.xcassets in Resources */,
			);
			runOnlyForDeploymentPostprocessing = 0;
		};
/* End PBXResourcesBuildPhase section */

/* Begin PBXSourcesBuildPhase section */
		30510F052444D04200E2D688 /* Sources */ = {
			isa = PBXSourcesBuildPhase;
			buildActionMask = 2147483647;
			files = (
				30510F0D2444D04200E2D688 /* AppDelegate.swift in Sources */,
				30510F0F2444D04200E2D688 /* SceneDelegate.swift in Sources */,
				30510F112444D04200E2D688 /* ContentView.swift in Sources */,
			);
			runOnlyForDeploymentPostprocessing = 0;
		};
/* End PBXSourcesBuildPhase section */

/* Begin PBXVariantGroup section */
		30510F172444D04300E2D688 /* LaunchScreen.storyboard */ = {
			isa = PBXVariantGroup;
			children = (
				30510F182444D04300E2D688 /* Base */,
			);
			name = LaunchScreen.storyboard;
			sourceTree = "<group>";
		};
/* End PBXVariantGroup section */

/* Begin XCBuildConfiguration section */
		30510F1B2444D04300E2D688 /* Debug */ = {
			isa = XCBuildConfiguration;
			buildSettings = {
				ALWAYS_SEARCH_USER_PATHS = NO;
				CLANG_ANALYZER_NONNULL = YES;
				CLANG_ANALYZER_NUMBER_OBJECT_CONVERSION = YES_AGGRESSIVE;
				CLANG_CXX_LANGUAGE_STANDARD = "gnu++14";
				CLANG_CXX_LIBRARY = "libc++";
				CLANG_ENABLE_MODULES = YES;
				CLANG_ENABLE_OBJC_ARC = YES;
				CLANG_ENABLE_OBJC_WEAK = YES;
				CLANG_WARN_BLOCK_CAPTURE_AUTORELEASING = YES;
				CLANG_WARN_BOOL_CONVERSION = YES;
				CLANG_WARN_COMMA = YES;
				CLANG_WARN_CONSTANT_CONVERSION = YES;
				CLANG_WARN_DEPRECATED_OBJC_IMPLEMENTATIONS = YES;
				CLANG_WARN_DIRECT_OBJC_ISA_USAGE = YES_ERROR;
				CLANG_WARN_DOCUMENTATION_COMMENTS = YES;
				CLANG_WARN_EMPTY_BODY = YES;
				CLANG_WARN_ENUM_CONVERSION = YES;
				CLANG_WARN_INFINITE_RECURSION = YES;
				CLANG_WARN_INT_CONVERSION = YES;
				CLANG_WARN_NON_LITERAL_NULL_CONVERSION = YES;
				CLANG_WARN_OBJC_IMPLICIT_RETAIN_SELF = YES;
				CLANG_WARN_OBJC_LITERAL_CONVERSION = YES;
				CLANG_WARN_OBJC_ROOT_CLASS = YES_ERROR;
				CLANG_WARN_RANGE_LOOP_ANALYSIS = YES;
				CLANG_WARN_STRICT_PROTOTYPES = YES;
				CLANG_WARN_SUSPICIOUS_MOVE = YES;
				CLANG_WARN_UNGUARDED_AVAILABILITY = YES_AGGRESSIVE;
				CLANG_WARN_UNREACHABLE_CODE = YES;
				CLANG_WARN__DUPLICATE_METHOD_MATCH = YES;
				COPY_PHASE_STRIP = NO;
				DEBUG_INFORMATION_FORMAT = dwarf;
				ENABLE_STRICT_OBJC_MSGSEND = YES;
				ENABLE_TESTABILITY = YES;
				GCC_C_LANGUAGE_STANDARD = gnu11;
				GCC_DYNAMIC_NO_PIC = NO;
				GCC_NO_COMMON_BLOCKS = YES;
				GCC_OPTIMIZATION_LEVEL = 0;
				GCC_PREPROCESSOR_DEFINITIONS = (
					"DEBUG=1",
					"$(inherited)",
				);
				GCC_WARN_64_TO_32_BIT_CONVERSION = YES;
				GCC_WARN_ABOUT_RETURN_TYPE = YES_ERROR;
				GCC_WARN_UNDECLARED_SELECTOR = YES;
				GCC_WARN_UNINITIALIZED_AUTOS = YES_AGGRESSIVE;
				GCC_WARN_UNUSED_FUNCTION = YES;
				GCC_WARN_UNUSED_VARIABLE = YES;
				IPHONEOS_DEPLOYMENT_TARGET = 13.4;
				MTL_ENABLE_DEBUG_INFO = INCLUDE_SOURCE;
				MTL_FAST_MATH = YES;
				ONLY_ACTIVE_ARCH = YES;
				SDKROOT = iphoneos;
				SWIFT_ACTIVE_COMPILATION_CONDITIONS = DEBUG;
				SWIFT_OPTIMIZATION_LEVEL = "-Onone";
			};
			name = Debug;
		};
		30510F1C2444D04300E2D688 /* Release */ = {
			isa = XCBuildConfiguration;
			buildSettings = {
				ALWAYS_SEARCH_USER_PATHS = NO;
				CLANG_ANALYZER_NONNULL = YES;
				CLANG_ANALYZER_NUMBER_OBJECT_CONVERSION = YES_AGGRESSIVE;
				CLANG_CXX_LANGUAGE_STANDARD = "gnu++14";
				CLANG_CXX_LIBRARY = "libc++";
				CLANG_ENABLE_MODULES = YES;
				CLANG_ENABLE_OBJC_ARC = YES;
				CLANG_ENABLE_OBJC_WEAK = YES;
				CLANG_WARN_BLOCK_CAPTURE_AUTORELEASING = YES;
				CLANG_WARN_BOOL_CONVERSION = YES;
				CLANG_WARN_COMMA = YES;
				CLANG_WARN_CONSTANT_CONVERSION = YES;
				CLANG_WARN_DEPRECATED_OBJC_IMPLEMENTATIONS = YES;
				CLANG_WARN_DIRECT_OBJC_ISA_USAGE = YES_ERROR;
				CLANG_WARN_DOCUMENTATION_COMMENTS = YES;
				CLANG_WARN_EMPTY_BODY = YES;
				CLANG_WARN_ENUM_CONVERSION = YES;
				CLANG_WARN_INFINITE_RECURSION = YES;
				CLANG_WARN_INT_CONVERSION = YES;
				CLANG_WARN_NON_LITERAL_NULL_CONVERSION = YES;
				CLANG_WARN_OBJC_IMPLICIT_RETAIN_SELF = YES;
				CLANG_WARN_OBJC_LITERAL_CONVERSION = YES;
				CLANG_WARN_OBJC_ROOT_CLASS = YES_ERROR;
				CLANG_WARN_RANGE_LOOP_ANALYSIS = YES;
				CLANG_WARN_STRICT_PROTOTYPES = YES;
				CLANG_WARN_SUSPICIOUS_MOVE = YES;
				CLANG_WARN_UNGUARDED_AVAILABILITY = YES_AGGRESSIVE;
				CLANG_WARN_UNREACHABLE_CODE = YES;
				CLANG_WARN__DUPLICATE_METHOD_MATCH = YES;
				COPY_PHASE_STRIP = NO;
				DEBUG_INFORMATION_FORMAT = "dwarf-with-dsym";
				ENABLE_NS_ASSERTIONS = NO;
				ENABLE_STRICT_OBJC_MSGSEND = YES;
				GCC_C_LANGUAGE_STANDARD = gnu11;
				GCC_NO_COMMON_BLOCKS = YES;
				GCC_WARN_64_TO_32_BIT_CONVERSION = YES;
				GCC_WARN_ABOUT_RETURN_TYPE = YES_ERROR;
				GCC_WARN_UNDECLARED_SELECTOR = YES;
				GCC_WARN_UNINITIALIZED_AUTOS = YES_AGGRESSIVE;
				GCC_WARN_UNUSED_FUNCTION = YES;
				GCC_WARN_UNUSED_VARIABLE = YES;
				IPHONEOS_DEPLOYMENT_TARGET = 13.4;
				MTL_ENABLE_DEBUG_INFO = NO;
				MTL_FAST_MATH = YES;
				SDKROOT = iphoneos;
				SWIFT_COMPILATION_MODE = wholemodule;
				SWIFT_OPTIMIZATION_LEVEL = "-O";
				VALIDATE_PRODUCT = YES;
			};
			name = Release;
		};
		30510F1E2444D04300E2D688 /* Debug */ = {
			isa = XCBuildConfiguration;
			buildSettings = {
				ASSETCATALOG_COMPILER_APPICON_NAME = AppIcon;
				CODE_SIGN_STYLE = Automatic;
				DEVELOPMENT_ASSET_PATHS = "\"HomeWork4/Preview Content\"";
				DEVELOPMENT_TEAM = 5298J2LD58;
				ENABLE_PREVIEWS = YES;
				INFOPLIST_FILE = HomeWork4/Info.plist;
				LD_RUNPATH_SEARCH_PATHS = (
					"$(inherited)",
					"@executable_path/Frameworks",
				);
				PRODUCT_BUNDLE_IDENTIFIER = com.kneo82.HomeWork4;
				PRODUCT_NAME = "$(TARGET_NAME)";
				SWIFT_VERSION = 5.0;
				TARGETED_DEVICE_FAMILY = "1,2";
			};
			name = Debug;
		};
		30510F1F2444D04300E2D688 /* Release */ = {
			isa = XCBuildConfiguration;
			buildSettings = {
				ASSETCATALOG_COMPILER_APPICON_NAME = AppIcon;
				CODE_SIGN_STYLE = Automatic;
				DEVELOPMENT_ASSET_PATHS = "\"HomeWork4/Preview Content\"";
				DEVELOPMENT_TEAM = 5298J2LD58;
				ENABLE_PREVIEWS = YES;
				INFOPLIST_FILE = HomeWork4/Info.plist;
				LD_RUNPATH_SEARCH_PATHS = (
					"$(inherited)",
					"@executable_path/Frameworks",
				);
				PRODUCT_BUNDLE_IDENTIFIER = com.kneo82.HomeWork4;
				PRODUCT_NAME = "$(TARGET_NAME)";
				SWIFT_VERSION = 5.0;
				TARGETED_DEVICE_FAMILY = "1,2";
			};
			name = Release;
		};
/* End XCBuildConfiguration section */

/* Begin XCConfigurationList section */
		30510F042444D04200E2D688 /* Build configuration list for PBXProject "HomeWork4" */ = {
			isa = XCConfigurationList;
			buildConfigurations = (
				30510F1B2444D04300E2D688 /* Debug */,
				30510F1C2444D04300E2D688 /* Release */,
			);
			defaultConfigurationIsVisible = 0;
			defaultConfigurationName = Release;
		};
		30510F1D2444D04300E2D688 /* Build configuration list for PBXNativeTarget "HomeWork4" */ = {
			isa = XCConfigurationList;
			buildConfigurations = (
				30510F1E2444D04300E2D688 /* Debug */,
				30510F1F2444D04300E2D688 /* Release */,
			);
			defaultConfigurationIsVisible = 0;
			defaultConfigurationName = Release;
		};
/* End XCConfigurationList section */
	};
	rootObject = 30510F012444D04200E2D688 /* Project object */;
}
